
Microsoft Visual Studio Solution File, Format Version 12.00
# Visual Studio Version 17
VisualStudioVersion = 17.0.31903.59
MinimumVisualStudioVersion = 10.0.40219.1
Project("{FAE04EC0-301F-11D3-BF4B-00C04F79EFBC}") = "Pipelink", "Pipelink\Pipelink.csproj", "{92E0BC9A-9784-41F9-91BC-13328F3A020A}"
EndProject
Project("{FAE04EC0-301F-11D3-BF4B-00C04F79EFBC}") = "PipelinkTest.Api", "PipelinkTest.Api\PipelinkTest.Api.csproj", "{C5279230-EC9E-4188-A11D-9C146EAF581F}"
EndProject
Project("{FAE04EC0-301F-11D3-BF4B-00C04F79EFBC}") = "Pipelink.Benchmarks", "Pipelink.Benchmarks\Pipelink.Benchmarks.csproj", "{252DB3D1-F76D-4740-A9AE-9CEE5F5DE38B}"
EndProject
Project("{FAE04EC0-301F-11D3-BF4B-00C04F79EFBC}") = "Pipelink.Tests", "Pipelink.Tests\Pipelink.Tests.csproj", "{68BA8F2F-5B26-4228-B163-D712EA0B5260}"
EndProject
Global
	GlobalSection(SolutionConfigurationPlatforms) = preSolution
		Debug|Any CPU = Debug|Any CPU
		Debug|x64 = Debug|x64
		Debug|x86 = Debug|x86
		Release|Any CPU = Release|Any CPU
		Release|x64 = Release|x64
		Release|x86 = Release|x86
	EndGlobalSection
	GlobalSection(ProjectConfigurationPlatforms) = postSolution
		{92E0BC9A-9784-41F9-91BC-13328F3A020A}.Debug|Any CPU.ActiveCfg = Debug|Any CPU
		{92E0BC9A-9784-41F9-91BC-13328F3A020A}.Debug|Any CPU.Build.0 = Debug|Any CPU
		{92E0BC9A-9784-41F9-91BC-13328F3A020A}.Debug|x64.ActiveCfg = Debug|Any CPU
		{92E0BC9A-9784-41F9-91BC-13328F3A020A}.Debug|x64.Build.0 = Debug|Any CPU
		{92E0BC9A-9784-41F9-91BC-13328F3A020A}.Debug|x86.ActiveCfg = Debug|Any CPU
		{92E0BC9A-9784-41F9-91BC-13328F3A020A}.Debug|x86.Build.0 = Debug|Any CPU
		{92E0BC9A-9784-41F9-91BC-13328F3A020A}.Release|Any CPU.ActiveCfg = Release|Any CPU
		{92E0BC9A-9784-41F9-91BC-13328F3A020A}.Release|Any CPU.Build.0 = Release|Any CPU
		{92E0BC9A-9784-41F9-91BC-13328F3A020A}.Release|x64.ActiveCfg = Release|Any CPU
		{92E0BC9A-9784-41F9-91BC-13328F3A020A}.Release|x64.Build.0 = Release|Any CPU
		{92E0BC9A-9784-41F9-91BC-13328F3A020A}.Release|x86.ActiveCfg = Release|Any CPU
		{92E0BC9A-9784-41F9-91BC-13328F3A020A}.Release|x86.Build.0 = Release|Any CPU
		{C5279230-EC9E-4188-A11D-9C146EAF581F}.Debug|Any CPU.ActiveCfg = Debug|Any CPU
		{C5279230-EC9E-4188-A11D-9C146EAF581F}.Debug|Any CPU.Build.0 = Debug|Any CPU
		{C5279230-EC9E-4188-A11D-9C146EAF581F}.Debug|x64.ActiveCfg = Debug|Any CPU
		{C5279230-EC9E-4188-A11D-9C146EAF581F}.Debug|x64.Build.0 = Debug|Any CPU
		{C5279230-EC9E-4188-A11D-9C146EAF581F}.Debug|x86.ActiveCfg = Debug|Any CPU
		{C5279230-EC9E-4188-A11D-9C146EAF581F}.Debug|x86.Build.0 = Debug|Any CPU
		{C5279230-EC9E-4188-A11D-9C146EAF581F}.Release|Any CPU.ActiveCfg = Release|Any CPU
		{C5279230-EC9E-4188-A11D-9C146EAF581F}.Release|Any CPU.Build.0 = Release|Any CPU
		{C5279230-EC9E-4188-A11D-9C146EAF581F}.Release|x64.ActiveCfg = Release|Any CPU
		{C5279230-EC9E-4188-A11D-9C146EAF581F}.Release|x64.Build.0 = Release|Any CPU
		{C5279230-EC9E-4188-A11D-9C146EAF581F}.Release|x86.ActiveCfg = Release|Any CPU
		{C5279230-EC9E-4188-A11D-9C146EAF581F}.Release|x86.Build.0 = Release|Any CPU
		{252DB3D1-F76D-4740-A9AE-9CEE5F5DE38B}.Debug|Any CPU.ActiveCfg = Debug|Any CPU
		{252DB3D1-F76D-4740-A9AE-9CEE5F5DE38B}.Debug|Any CPU.Build.0 = Debug|Any CPU
		{252DB3D1-F76D-4740-A9AE-9CEE5F5DE38B}.Debug|x64.ActiveCfg = Debug|Any CPU
		{252DB3D1-F76D-4740-A9AE-9CEE5F5DE38B}.Debug|x64.Build.0 = Debug|Any CPU
		{252DB3D1-F76D-4740-A9AE-9CEE5F5DE38B}.Debug|x86.ActiveCfg = Debug|Any CPU
		{252DB3D1-F76D-4740-A9AE-9CEE5F5DE38B}.Debug|x86.Build.0 = Debug|Any CPU
		{252DB3D1-F76D-4740-A9AE-9CEE5F5DE38B}.Release|Any CPU.ActiveCfg = Release|Any CPU
		{252DB3D1-F76D-4740-A9AE-9CEE5F5DE38B}.Release|Any CPU.Build.0 = Release|Any CPU
		{252DB3D1-F76D-4740-A9AE-9CEE5F5DE38B}.Release|x64.ActiveCfg = Release|Any CPU
		{252DB3D1-F76D-4740-A9AE-9CEE5F5DE38B}.Release|x64.Build.0 = Release|Any CPU
		{252DB3D1-F76D-4740-A9AE-9CEE5F5DE38B}.Release|x86.ActiveCfg = Release|Any CPU
		{252DB3D1-F76D-4740-A9AE-9CEE5F5DE38B}.Release|x86.Build.0 = Release|Any CPU
		{68BA8F2F-5B26-4228-B163-D712EA0B5260}.Debug|Any CPU.ActiveCfg = Debug|Any CPU
		{68BA8F2F-5B26-4228-B163-D712EA0B5260}.Debug|Any CPU.Build.0 = Debug|Any CPU
		{68BA8F2F-5B26-4228-B163-D712EA0B5260}.Debug|x64.ActiveCfg = Debug|Any CPU
		{68BA8F2F-5B26-4228-B163-D712EA0B5260}.Debug|x64.Build.0 = Debug|Any CPU
		{68BA8F2F-5B26-4228-B163-D712EA0B5260}.Debug|x86.ActiveCfg = Debug|Any CPU
		{68BA8F2F-5B26-4228-B163-D712EA0B5260}.Debug|x86.Build.0 = Debug|Any CPU
		{68BA8F2F-5B26-4228-B163-D712EA0B5260}.Release|Any CPU.ActiveCfg = Release|Any CPU
		{68BA8F2F-5B26-4228-B163-D712EA0B5260}.Release|Any CPU.Build.0 = Release|Any CPU
		{68BA8F2F-5B26-4228-B163-D712EA0B5260}.Release|x64.ActiveCfg = Release|Any CPU
		{68BA8F2F-5B26-4228-B163-D712EA0B5260}.Release|x64.Build.0 = Release|Any CPU
		{68BA8F2F-5B26-4228-B163-D712EA0B5260}.Release|x86.ActiveCfg = Release|Any CPU
		{68BA8F2F-5B26-4228-B163-D712EA0B5260}.Release|x86.Build.0 = Release|Any CPU
	EndGlobalSection
	GlobalSection(SolutionProperties) = preSolution
		HideSolutionNode = FALSE
	EndGlobalSection
EndGlobal
